// !$*UTF8*$!
{
	archiveVersion = 1;
	classes = {
	};
	objectVersion = 56;
	objects = {

/* Begin PBXBuildFile section */
		AA26A36E28CC8CC30005D8B6 /* GridContainersView.swift in Sources */ = {isa = PBXBuildFile; fileRef = AA26A36D28CC8CC30005D8B6 /* GridContainersView.swift */; };
		AA41202928C77D8500A1E65A /* PlusButtonView.swift in Sources */ = {isa = PBXBuildFile; fileRef = AA41202828C77D8500A1E65A /* PlusButtonView.swift */; };
		AA5EBBFA28D0DBF000B2BD46 /* SettingsView.swift in Sources */ = {isa = PBXBuildFile; fileRef = AA5EBBF928D0DBF000B2BD46 /* SettingsView.swift */; };
		AA5EBBFC28D1FA1100B2BD46 /* ProfileView.swift in Sources */ = {isa = PBXBuildFile; fileRef = AA5EBBFB28D1FA1100B2BD46 /* ProfileView.swift */; };
		AA5F1CE928CF04940070229D /* AddEditContainerView.swift in Sources */ = {isa = PBXBuildFile; fileRef = AA5F1CE828CF04940070229D /* AddEditContainerView.swift */; };
		AA5F1CEB28CF14A90070229D /* IconPickerView.swift in Sources */ = {isa = PBXBuildFile; fileRef = AA5F1CEA28CF14A90070229D /* IconPickerView.swift */; };
		AA7210E828CCC7480041779D /* ContainerView.swift in Sources */ = {isa = PBXBuildFile; fileRef = AA7210E728CCC7480041779D /* ContainerView.swift */; };
		AA7210EA28CCC7A20041779D /* Recipient.swift in Sources */ = {isa = PBXBuildFile; fileRef = AA7210E928CCC7A20041779D /* Recipient.swift */; };
		AA7210ED28CCE2E20041779D /* SearchBar.swift in Sources */ = {isa = PBXBuildFile; fileRef = AA7210EC28CCE2E20041779D /* SearchBar.swift */; };
		AA9EE38A28D315C30045D912 /* ConfettiModifier.swift in Sources */ = {isa = PBXBuildFile; fileRef = AA9EE38928D315C30045D912 /* ConfettiModifier.swift */; };
		AA9EE38D28D4C2000045D912 /* Hydrate.xcdatamodeld in Sources */ = {isa = PBXBuildFile; fileRef = AA9EE38B28D4C2000045D912 /* Hydrate.xcdatamodeld */; };
		AA9EE39128D4D1DE0045D912 /* PersistenceController.swift in Sources */ = {isa = PBXBuildFile; fileRef = AA9EE39028D4D1DE0045D912 /* PersistenceController.swift */; };
		AA9EE39628D771DD0045D912 /* RecipientsViewModel.swift in Sources */ = {isa = PBXBuildFile; fileRef = AA9EE39528D771DD0045D912 /* RecipientsViewModel.swift */; };
		AA9EE39928D89FCD0045D912 /* String+Ext.swift in Sources */ = {isa = PBXBuildFile; fileRef = AA9EE39828D89FCD0045D912 /* String+Ext.swift */; };
		AAA4E3D028C23CC000C366B9 /* HydrateApp.swift in Sources */ = {isa = PBXBuildFile; fileRef = AAA4E3CF28C23CC000C366B9 /* HydrateApp.swift */; };
		AAA4E3D228C23CC000C366B9 /* MainView.swift in Sources */ = {isa = PBXBuildFile; fileRef = AAA4E3D128C23CC000C366B9 /* MainView.swift */; };
		AAA4E3D428C23CC100C366B9 /* Assets.xcassets in Resources */ = {isa = PBXBuildFile; fileRef = AAA4E3D328C23CC100C366B9 /* Assets.xcassets */; };
		AAA4E3D728C23CC100C366B9 /* Preview Assets.xcassets in Resources */ = {isa = PBXBuildFile; fileRef = AAA4E3D628C23CC100C366B9 /* Preview Assets.xcassets */; };
		AAA4E3DE28C240FE00C366B9 /* CircleDayView.swift in Sources */ = {isa = PBXBuildFile; fileRef = AAA4E3DD28C240FE00C366B9 /* CircleDayView.swift */; };
		AAA4E3E028C241F600C366B9 /* WeekView.swift in Sources */ = {isa = PBXBuildFile; fileRef = AAA4E3DF28C241F600C366B9 /* WeekView.swift */; };
		AAA4E3E228C2491000C366B9 /* MainRingView.swift in Sources */ = {isa = PBXBuildFile; fileRef = AAA4E3E128C2491000C366B9 /* MainRingView.swift */; };
		AAA4E3E428C2535A00C366B9 /* TabsView.swift in Sources */ = {isa = PBXBuildFile; fileRef = AAA4E3E328C2535A00C366B9 /* TabsView.swift */; };
		AAA4E3E628C253CE00C366B9 /* StatsView.swift in Sources */ = {isa = PBXBuildFile; fileRef = AAA4E3E528C253CE00C366B9 /* StatsView.swift */; };
		AAC8369B28E5BADB003F64F3 /* GridContainerCell.swift in Sources */ = {isa = PBXBuildFile; fileRef = AAC8369A28E5BADB003F64F3 /* GridContainerCell.swift */; };
/* End PBXBuildFile section */

/* Begin PBXFileReference section */
		AA26A36D28CC8CC30005D8B6 /* GridContainersView.swift */ = {isa = PBXFileReference; lastKnownFileType = sourcecode.swift; path = GridContainersView.swift; sourceTree = "<group>"; };
		AA41202828C77D8500A1E65A /* PlusButtonView.swift */ = {isa = PBXFileReference; lastKnownFileType = sourcecode.swift; path = PlusButtonView.swift; sourceTree = "<group>"; };
		AA5EBBF928D0DBF000B2BD46 /* SettingsView.swift */ = {isa = PBXFileReference; lastKnownFileType = sourcecode.swift; path = SettingsView.swift; sourceTree = "<group>"; };
		AA5EBBFB28D1FA1100B2BD46 /* ProfileView.swift */ = {isa = PBXFileReference; lastKnownFileType = sourcecode.swift; path = ProfileView.swift; sourceTree = "<group>"; };
		AA5F1CE828CF04940070229D /* AddEditContainerView.swift */ = {isa = PBXFileReference; lastKnownFileType = sourcecode.swift; path = AddEditContainerView.swift; sourceTree = "<group>"; };
		AA5F1CEA28CF14A90070229D /* IconPickerView.swift */ = {isa = PBXFileReference; lastKnownFileType = sourcecode.swift; path = IconPickerView.swift; sourceTree = "<group>"; };
		AA7210E728CCC7480041779D /* ContainerView.swift */ = {isa = PBXFileReference; lastKnownFileType = sourcecode.swift; path = ContainerView.swift; sourceTree = "<group>"; };
		AA7210E928CCC7A20041779D /* Recipient.swift */ = {isa = PBXFileReference; lastKnownFileType = sourcecode.swift; path = Recipient.swift; sourceTree = "<group>"; };
		AA7210EC28CCE2E20041779D /* SearchBar.swift */ = {isa = PBXFileReference; lastKnownFileType = sourcecode.swift; path = SearchBar.swift; sourceTree = "<group>"; };
		AA9EE38928D315C30045D912 /* ConfettiModifier.swift */ = {isa = PBXFileReference; lastKnownFileType = sourcecode.swift; path = ConfettiModifier.swift; sourceTree = "<group>"; };
		AA9EE38C28D4C2000045D912 /* Hydrate.xcdatamodel */ = {isa = PBXFileReference; lastKnownFileType = wrapper.xcdatamodel; path = Hydrate.xcdatamodel; sourceTree = "<group>"; };
		AA9EE39028D4D1DE0045D912 /* PersistenceController.swift */ = {isa = PBXFileReference; lastKnownFileType = sourcecode.swift; path = PersistenceController.swift; sourceTree = "<group>"; };
		AA9EE39528D771DD0045D912 /* RecipientsViewModel.swift */ = {isa = PBXFileReference; lastKnownFileType = sourcecode.swift; path = RecipientsViewModel.swift; sourceTree = "<group>"; };
		AA9EE39828D89FCD0045D912 /* String+Ext.swift */ = {isa = PBXFileReference; lastKnownFileType = sourcecode.swift; path = "String+Ext.swift"; sourceTree = "<group>"; };
		AAA4E3CC28C23CC000C366B9 /* Hydrate.app */ = {isa = PBXFileReference; explicitFileType = wrapper.application; includeInIndex = 0; path = Hydrate.app; sourceTree = BUILT_PRODUCTS_DIR; };
		AAA4E3CF28C23CC000C366B9 /* HydrateApp.swift */ = {isa = PBXFileReference; lastKnownFileType = sourcecode.swift; path = HydrateApp.swift; sourceTree = "<group>"; };
		AAA4E3D128C23CC000C366B9 /* MainView.swift */ = {isa = PBXFileReference; lastKnownFileType = sourcecode.swift; path = MainView.swift; sourceTree = "<group>"; };
		AAA4E3D328C23CC100C366B9 /* Assets.xcassets */ = {isa = PBXFileReference; lastKnownFileType = folder.assetcatalog; path = Assets.xcassets; sourceTree = "<group>"; };
		AAA4E3D628C23CC100C366B9 /* Preview Assets.xcassets */ = {isa = PBXFileReference; lastKnownFileType = folder.assetcatalog; path = "Preview Assets.xcassets"; sourceTree = "<group>"; };
		AAA4E3DD28C240FE00C366B9 /* CircleDayView.swift */ = {isa = PBXFileReference; lastKnownFileType = sourcecode.swift; path = CircleDayView.swift; sourceTree = "<group>"; };
		AAA4E3DF28C241F600C366B9 /* WeekView.swift */ = {isa = PBXFileReference; lastKnownFileType = sourcecode.swift; path = WeekView.swift; sourceTree = "<group>"; };
		AAA4E3E128C2491000C366B9 /* MainRingView.swift */ = {isa = PBXFileReference; lastKnownFileType = sourcecode.swift; path = MainRingView.swift; sourceTree = "<group>"; };
		AAA4E3E328C2535A00C366B9 /* TabsView.swift */ = {isa = PBXFileReference; lastKnownFileType = sourcecode.swift; path = TabsView.swift; sourceTree = "<group>"; };
		AAA4E3E528C253CE00C366B9 /* StatsView.swift */ = {isa = PBXFileReference; lastKnownFileType = sourcecode.swift; path = StatsView.swift; sourceTree = "<group>"; };
		AAC8369A28E5BADB003F64F3 /* GridContainerCell.swift */ = {isa = PBXFileReference; lastKnownFileType = sourcecode.swift; path = GridContainerCell.swift; sourceTree = "<group>"; };
/* End PBXFileReference section */

/* Begin PBXFrameworksBuildPhase section */
		AAA4E3C928C23CC000C366B9 /* Frameworks */ = {
			isa = PBXFrameworksBuildPhase;
			buildActionMask = 2147483647;
			files = (
			);
			runOnlyForDeploymentPostprocessing = 0;
		};
/* End PBXFrameworksBuildPhase section */

/* Begin PBXGroup section */
		AA7210EB28CCC7D10041779D /* Model */ = {
			isa = PBXGroup;
			children = (
				AA7210E928CCC7A20041779D /* Recipient.swift */,
			);
			path = Model;
			sourceTree = "<group>";
		};
		AA9EE39428D771C90045D912 /* ViewModels */ = {
			isa = PBXGroup;
			children = (
				AA9EE39528D771DD0045D912 /* RecipientsViewModel.swift */,
			);
			path = ViewModels;
			sourceTree = "<group>";
		};
		AA9EE39728D89FC10045D912 /* Extensions */ = {
			isa = PBXGroup;
			children = (
				AA9EE39828D89FCD0045D912 /* String+Ext.swift */,
			);
			path = Extensions;
			sourceTree = "<group>";
		};
		AAA4E3C328C23CC000C366B9 = {
			isa = PBXGroup;
			children = (
				AAA4E3CE28C23CC000C366B9 /* Hydrate */,
				AAA4E3CD28C23CC000C366B9 /* Products */,
			);
			sourceTree = "<group>";
		};
		AAA4E3CD28C23CC000C366B9 /* Products */ = {
			isa = PBXGroup;
			children = (
				AAA4E3CC28C23CC000C366B9 /* Hydrate.app */,
			);
			name = Products;
			sourceTree = "<group>";
		};
		AAA4E3CE28C23CC000C366B9 /* Hydrate */ = {
			isa = PBXGroup;
			children = (
				AA9EE39728D89FC10045D912 /* Extensions */,
				AA9EE39428D771C90045D912 /* ViewModels */,
				AA7210EB28CCC7D10041779D /* Model */,
				AAA4E3CF28C23CC000C366B9 /* HydrateApp.swift */,
				AAA4E3E328C2535A00C366B9 /* TabsView.swift */,
				AAA4E3DD28C240FE00C366B9 /* CircleDayView.swift */,
				AAA4E3DF28C241F600C366B9 /* WeekView.swift */,
				AAA4E3E128C2491000C366B9 /* MainRingView.swift */,
				AA41202828C77D8500A1E65A /* PlusButtonView.swift */,
				AA26A36D28CC8CC30005D8B6 /* GridContainersView.swift */,
				AA7210E728CCC7480041779D /* ContainerView.swift */,
				AA5F1CE828CF04940070229D /* AddEditContainerView.swift */,
				AA5F1CEA28CF14A90070229D /* IconPickerView.swift */,
				AA5EBBF928D0DBF000B2BD46 /* SettingsView.swift */,
				AA5EBBFB28D1FA1100B2BD46 /* ProfileView.swift */,
				AAA4E3E528C253CE00C366B9 /* StatsView.swift */,
				AA9EE38928D315C30045D912 /* ConfettiModifier.swift */,
				AAA4E3D328C23CC100C366B9 /* Assets.xcassets */,
				AAA4E3D528C23CC100C366B9 /* Preview Content */,
				AA7210EC28CCE2E20041779D /* SearchBar.swift */,
				AA9EE38B28D4C2000045D912 /* Hydrate.xcdatamodeld */,
				AA9EE39028D4D1DE0045D912 /* PersistenceController.swift */,
				AAA4E3D128C23CC000C366B9 /* MainView.swift */,
				AAC8369A28E5BADB003F64F3 /* GridContainerCell.swift */,
			);
			path = Hydrate;
			sourceTree = "<group>";
		};
		AAA4E3D528C23CC100C366B9 /* Preview Content */ = {
			isa = PBXGroup;
			children = (
				AAA4E3D628C23CC100C366B9 /* Preview Assets.xcassets */,
			);
			path = "Preview Content";
			sourceTree = "<group>";
		};
/* End PBXGroup section */

/* Begin PBXNativeTarget section */
		AAA4E3CB28C23CC000C366B9 /* Hydrate */ = {
			isa = PBXNativeTarget;
			buildConfigurationList = AAA4E3DA28C23CC100C366B9 /* Build configuration list for PBXNativeTarget "Hydrate" */;
			buildPhases = (
				AAA4E3C828C23CC000C366B9 /* Sources */,
				AAA4E3C928C23CC000C366B9 /* Frameworks */,
				AAA4E3CA28C23CC000C366B9 /* Resources */,
			);
			buildRules = (
			);
			dependencies = (
			);
			name = Hydrate;
			productName = Hydrate;
			productReference = AAA4E3CC28C23CC000C366B9 /* Hydrate.app */;
			productType = "com.apple.product-type.application";
		};
/* End PBXNativeTarget section */

/* Begin PBXProject section */
		AAA4E3C428C23CC000C366B9 /* Project object */ = {
			isa = PBXProject;
			attributes = {
				BuildIndependentTargetsInParallel = 1;
				LastSwiftUpdateCheck = 1400;
				LastUpgradeCheck = 1400;
				TargetAttributes = {
					AAA4E3CB28C23CC000C366B9 = {
						CreatedOnToolsVersion = 14.0;
					};
				};
			};
			buildConfigurationList = AAA4E3C728C23CC000C366B9 /* Build configuration list for PBXProject "Hydrate" */;
			compatibilityVersion = "Xcode 14.0";
			developmentRegion = en;
			hasScannedForEncodings = 0;
			knownRegions = (
				en,
				Base,
			);
			mainGroup = AAA4E3C328C23CC000C366B9;
			productRefGroup = AAA4E3CD28C23CC000C366B9 /* Products */;
			projectDirPath = "";
			projectRoot = "";
			targets = (
				AAA4E3CB28C23CC000C366B9 /* Hydrate */,
			);
		};
/* End PBXProject section */

/* Begin PBXResourcesBuildPhase section */
		AAA4E3CA28C23CC000C366B9 /* Resources */ = {
			isa = PBXResourcesBuildPhase;
			buildActionMask = 2147483647;
			files = (
				AAA4E3D728C23CC100C366B9 /* Preview Assets.xcassets in Resources */,
				AAA4E3D428C23CC100C366B9 /* Assets.xcassets in Resources */,
			);
			runOnlyForDeploymentPostprocessing = 0;
		};
/* End PBXResourcesBuildPhase section */

/* Begin PBXSourcesBuildPhase section */
		AAA4E3C828C23CC000C366B9 /* Sources */ = {
			isa = PBXSourcesBuildPhase;
			buildActionMask = 2147483647;
			files = (
				AA7210E828CCC7480041779D /* ContainerView.swift in Sources */,
				AA9EE39628D771DD0045D912 /* RecipientsViewModel.swift in Sources */,
				AA9EE38D28D4C2000045D912 /* Hydrate.xcdatamodeld in Sources */,
				AAA4E3E028C241F600C366B9 /* WeekView.swift in Sources */,
				AAA4E3DE28C240FE00C366B9 /* CircleDayView.swift in Sources */,
				AA5F1CEB28CF14A90070229D /* IconPickerView.swift in Sources */,
				AA26A36E28CC8CC30005D8B6 /* GridContainersView.swift in Sources */,
				AA41202928C77D8500A1E65A /* PlusButtonView.swift in Sources */,
				AA9EE39128D4D1DE0045D912 /* PersistenceController.swift in Sources */,
				AA7210ED28CCE2E20041779D /* SearchBar.swift in Sources */,
				AA5EBBFA28D0DBF000B2BD46 /* SettingsView.swift in Sources */,
				AA5EBBFC28D1FA1100B2BD46 /* ProfileView.swift in Sources */,
				AA9EE38A28D315C30045D912 /* ConfettiModifier.swift in Sources */,
				AAA4E3D228C23CC000C366B9 /* MainView.swift in Sources */,
				AAA4E3E228C2491000C366B9 /* MainRingView.swift in Sources */,
				AAC8369B28E5BADB003F64F3 /* GridContainerCell.swift in Sources */,
				AA9EE39928D89FCD0045D912 /* String+Ext.swift in Sources */,
				AAA4E3E428C2535A00C366B9 /* TabsView.swift in Sources */,
				AAA4E3E628C253CE00C366B9 /* StatsView.swift in Sources */,
				AA7210EA28CCC7A20041779D /* Recipient.swift in Sources */,
				AAA4E3D028C23CC000C366B9 /* HydrateApp.swift in Sources */,
				AA5F1CE928CF04940070229D /* AddEditContainerView.swift in Sources */,
			);
			runOnlyForDeploymentPostprocessing = 0;
		};
/* End PBXSourcesBuildPhase section */

/* Begin XCBuildConfiguration section */
		AAA4E3D828C23CC100C366B9 /* Debug */ = {
			isa = XCBuildConfiguration;
			buildSettings = {
				ALWAYS_SEARCH_USER_PATHS = NO;
				CLANG_ANALYZER_NONNULL = YES;
				CLANG_ANALYZER_NUMBER_OBJECT_CONVERSION = YES_AGGRESSIVE;
				CLANG_CXX_LANGUAGE_STANDARD = "gnu++17";
				CLANG_ENABLE_MODULES = YES;
				CLANG_ENABLE_OBJC_ARC = YES;
				CLANG_ENABLE_OBJC_WEAK = YES;
				CLANG_WARN_BLOCK_CAPTURE_AUTORELEASING = YES;
				CLANG_WARN_BOOL_CONVERSION = YES;
				CLANG_WARN_COMMA = YES;
				CLANG_WARN_CONSTANT_CONVERSION = YES;
				CLANG_WARN_DEPRECATED_OBJC_IMPLEMENTATIONS = YES;
				CLANG_WARN_DIRECT_OBJC_ISA_USAGE = YES_ERROR;
				CLANG_WARN_DOCUMENTATION_COMMENTS = YES;
				CLANG_WARN_EMPTY_BODY = YES;
				CLANG_WARN_ENUM_CONVERSION = YES;
				CLANG_WARN_INFINITE_RECURSION = YES;
				CLANG_WARN_INT_CONVERSION = YES;
				CLANG_WARN_NON_LITERAL_NULL_CONVERSION = YES;
				CLANG_WARN_OBJC_IMPLICIT_RETAIN_SELF = YES;
				CLANG_WARN_OBJC_LITERAL_CONVERSION = YES;
				CLANG_WARN_OBJC_ROOT_CLASS = YES_ERROR;
				CLANG_WARN_QUOTED_INCLUDE_IN_FRAMEWORK_HEADER = YES;
				CLANG_WARN_RANGE_LOOP_ANALYSIS = YES;
				CLANG_WARN_STRICT_PROTOTYPES = YES;
				CLANG_WARN_SUSPICIOUS_MOVE = YES;
				CLANG_WARN_UNGUARDED_AVAILABILITY = YES_AGGRESSIVE;
				CLANG_WARN_UNREACHABLE_CODE = YES;
				CLANG_WARN__DUPLICATE_METHOD_MATCH = YES;
				COPY_PHASE_STRIP = NO;
				DEBUG_INFORMATION_FORMAT = dwarf;
				ENABLE_STRICT_OBJC_MSGSEND = YES;
				ENABLE_TESTABILITY = YES;
				GCC_C_LANGUAGE_STANDARD = gnu11;
				GCC_DYNAMIC_NO_PIC = NO;
				GCC_NO_COMMON_BLOCKS = YES;
				GCC_OPTIMIZATION_LEVEL = 0;
				GCC_PREPROCESSOR_DEFINITIONS = (
					"DEBUG=1",
					"$(inherited)",
				);
				GCC_WARN_64_TO_32_BIT_CONVERSION = YES;
				GCC_WARN_ABOUT_RETURN_TYPE = YES_ERROR;
				GCC_WARN_UNDECLARED_SELECTOR = YES;
				GCC_WARN_UNINITIALIZED_AUTOS = YES_AGGRESSIVE;
				GCC_WARN_UNUSED_FUNCTION = YES;
				GCC_WARN_UNUSED_VARIABLE = YES;
				IPHONEOS_DEPLOYMENT_TARGET = 16.0;
				MTL_ENABLE_DEBUG_INFO = INCLUDE_SOURCE;
				MTL_FAST_MATH = YES;
				ONLY_ACTIVE_ARCH = YES;
				SDKROOT = iphoneos;
				SWIFT_ACTIVE_COMPILATION_CONDITIONS = DEBUG;
				SWIFT_OPTIMIZATION_LEVEL = "-Onone";
			};
			name = Debug;
		};
		AAA4E3D928C23CC100C366B9 /* Release */ = {
			isa = XCBuildConfiguration;
			buildSettings = {
				ALWAYS_SEARCH_USER_PATHS = NO;
				CLANG_ANALYZER_NONNULL = YES;
				CLANG_ANALYZER_NUMBER_OBJECT_CONVERSION = YES_AGGRESSIVE;
				CLANG_CXX_LANGUAGE_STANDARD = "gnu++17";
				CLANG_ENABLE_MODULES = YES;
				CLANG_ENABLE_OBJC_ARC = YES;
				CLANG_ENABLE_OBJC_WEAK = YES;
				CLANG_WARN_BLOCK_CAPTURE_AUTORELEASING = YES;
				CLANG_WARN_BOOL_CONVERSION = YES;
				CLANG_WARN_COMMA = YES;
				CLANG_WARN_CONSTANT_CONVERSION = YES;
				CLANG_WARN_DEPRECATED_OBJC_IMPLEMENTATIONS = YES;
				CLANG_WARN_DIRECT_OBJC_ISA_USAGE = YES_ERROR;
				CLANG_WARN_DOCUMENTATION_COMMENTS = YES;
				CLANG_WARN_EMPTY_BODY = YES;
				CLANG_WARN_ENUM_CONVERSION = YES;
				CLANG_WARN_INFINITE_RECURSION = YES;
				CLANG_WARN_INT_CONVERSION = YES;
				CLANG_WARN_NON_LITERAL_NULL_CONVERSION = YES;
				CLANG_WARN_OBJC_IMPLICIT_RETAIN_SELF = YES;
				CLANG_WARN_OBJC_LITERAL_CONVERSION = YES;
				CLANG_WARN_OBJC_ROOT_CLASS = YES_ERROR;
				CLANG_WARN_QUOTED_INCLUDE_IN_FRAMEWORK_HEADER = YES;
				CLANG_WARN_RANGE_LOOP_ANALYSIS = YES;
				CLANG_WARN_STRICT_PROTOTYPES = YES;
				CLANG_WARN_SUSPICIOUS_MOVE = YES;
				CLANG_WARN_UNGUARDED_AVAILABILITY = YES_AGGRESSIVE;
				CLANG_WARN_UNREACHABLE_CODE = YES;
				CLANG_WARN__DUPLICATE_METHOD_MATCH = YES;
				COPY_PHASE_STRIP = NO;
				DEBUG_INFORMATION_FORMAT = "dwarf-with-dsym";
				ENABLE_NS_ASSERTIONS = NO;
				ENABLE_STRICT_OBJC_MSGSEND = YES;
				GCC_C_LANGUAGE_STANDARD = gnu11;
				GCC_NO_COMMON_BLOCKS = YES;
				GCC_WARN_64_TO_32_BIT_CONVERSION = YES;
				GCC_WARN_ABOUT_RETURN_TYPE = YES_ERROR;
				GCC_WARN_UNDECLARED_SELECTOR = YES;
				GCC_WARN_UNINITIALIZED_AUTOS = YES_AGGRESSIVE;
				GCC_WARN_UNUSED_FUNCTION = YES;
				GCC_WARN_UNUSED_VARIABLE = YES;
				IPHONEOS_DEPLOYMENT_TARGET = 16.0;
				MTL_ENABLE_DEBUG_INFO = NO;
				MTL_FAST_MATH = YES;
				SDKROOT = iphoneos;
				SWIFT_COMPILATION_MODE = wholemodule;
				SWIFT_OPTIMIZATION_LEVEL = "-O";
				VALIDATE_PRODUCT = YES;
			};
			name = Release;
		};
		AAA4E3DB28C23CC100C366B9 /* Debug */ = {
			isa = XCBuildConfiguration;
			buildSettings = {
				ASSETCATALOG_COMPILER_APPICON_NAME = AppIcon;
				ASSETCATALOG_COMPILER_GLOBAL_ACCENT_COLOR_NAME = AccentColor;
				CODE_SIGN_STYLE = Automatic;
				CURRENT_PROJECT_VERSION = 1;
				DEVELOPMENT_ASSET_PATHS = "\"Hydrate/Preview Content\"";
				DEVELOPMENT_TEAM = BCB2U5N8E6;
				ENABLE_PREVIEWS = YES;
				GENERATE_INFOPLIST_FILE = YES;
				INFOPLIST_KEY_UIApplicationSceneManifest_Generation = YES;
				INFOPLIST_KEY_UIApplicationSupportsIndirectInputEvents = YES;
				INFOPLIST_KEY_UILaunchScreen_Generation = YES;
				INFOPLIST_KEY_UISupportedInterfaceOrientations_iPad = "UIInterfaceOrientationPortrait UIInterfaceOrientationPortraitUpsideDown UIInterfaceOrientationLandscapeLeft UIInterfaceOrientationLandscapeRight";
				INFOPLIST_KEY_UISupportedInterfaceOrientations_iPhone = "UIInterfaceOrientationPortrait UIInterfaceOrientationLandscapeLeft UIInterfaceOrientationLandscapeRight";
				LD_RUNPATH_SEARCH_PATHS = (
					"$(inherited)",
					"@executable_path/Frameworks",
				);
				MARKETING_VERSION = 1.0;
				PRODUCT_BUNDLE_IDENTIFIER = com.mac.laiymani.Hydrate;
				PRODUCT_NAME = "$(TARGET_NAME)";
				SWIFT_EMIT_LOC_STRINGS = YES;
				SWIFT_VERSION = 5.0;
				TARGETED_DEVICE_FAMILY = "1,2";
			};
			name = Debug;
		};
		AAA4E3DC28C23CC100C366B9 /* Release */ = {
			isa = XCBuildConfiguration;
			buildSettings = {
				ASSETCATALOG_COMPILER_APPICON_NAME = AppIcon;
				ASSETCATALOG_COMPILER_GLOBAL_ACCENT_COLOR_NAME = AccentColor;
				CODE_SIGN_STYLE = Automatic;
				CURRENT_PROJECT_VERSION = 1;
				DEVELOPMENT_ASSET_PATHS = "\"Hydrate/Preview Content\"";
				DEVELOPMENT_TEAM = BCB2U5N8E6;
				ENABLE_PREVIEWS = YES;
				GENERATE_INFOPLIST_FILE = YES;
				INFOPLIST_KEY_UIApplicationSceneManifest_Generation = YES;
				INFOPLIST_KEY_UIApplicationSupportsIndirectInputEvents = YES;
				INFOPLIST_KEY_UILaunchScreen_Generation = YES;
				INFOPLIST_KEY_UISupportedInterfaceOrientations_iPad = "UIInterfaceOrientationPortrait UIInterfaceOrientationPortraitUpsideDown UIInterfaceOrientationLandscapeLeft UIInterfaceOrientationLandscapeRight";
				INFOPLIST_KEY_UISupportedInterfaceOrientations_iPhone = "UIInterfaceOrientationPortrait UIInterfaceOrientationLandscapeLeft UIInterfaceOrientationLandscapeRight";
				LD_RUNPATH_SEARCH_PATHS = (
					"$(inherited)",
					"@executable_path/Frameworks",
				);
				MARKETING_VERSION = 1.0;
				PRODUCT_BUNDLE_IDENTIFIER = com.mac.laiymani.Hydrate;
				PRODUCT_NAME = "$(TARGET_NAME)";
				SWIFT_EMIT_LOC_STRINGS = YES;
				SWIFT_VERSION = 5.0;
				TARGETED_DEVICE_FAMILY = "1,2";
			};
			name = Release;
		};
/* End XCBuildConfiguration section */

/* Begin XCConfigurationList section */
		AAA4E3C728C23CC000C366B9 /* Build configuration list for PBXProject "Hydrate" */ = {
			isa = XCConfigurationList;
			buildConfigurations = (
				AAA4E3D828C23CC100C366B9 /* Debug */,
				AAA4E3D928C23CC100C366B9 /* Release */,
			);
			defaultConfigurationIsVisible = 0;
			defaultConfigurationName = Release;
		};
		AAA4E3DA28C23CC100C366B9 /* Build configuration list for PBXNativeTarget "Hydrate" */ = {
			isa = XCConfigurationList;
			buildConfigurations = (
				AAA4E3DB28C23CC100C366B9 /* Debug */,
				AAA4E3DC28C23CC100C366B9 /* Release */,
			);
			defaultConfigurationIsVisible = 0;
			defaultConfigurationName = Release;
		};
/* End XCConfigurationList section */

/* Begin XCVersionGroup section */
		AA9EE38B28D4C2000045D912 /* Hydrate.xcdatamodeld */ = {
			isa = XCVersionGroup;
			children = (
				AA9EE38C28D4C2000045D912 /* Hydrate.xcdatamodel */,
			);
			currentVersion = AA9EE38C28D4C2000045D912 /* Hydrate.xcdatamodel */;
			path = Hydrate.xcdatamodeld;
			sourceTree = "<group>";
			versionGroupType = wrapper.xcdatamodel;
		};
/* End XCVersionGroup section */
	};
	rootObject = AAA4E3C428C23CC000C366B9 /* Project object */;
}
